
Microsoft Visual Studio Solution File, Format Version 12.00
# Visual Studio Version 17
VisualStudioVersion = 17.8.34525.116
MinimumVisualStudioVersion = 10.0.40219.1
Project("{FAE04EC0-301F-11D3-BF4B-00C04F79EFBC}") = "EF_Task2", "EF_Task2\EF_Task2.csproj", "{04394ED2-1482-48D8-9B04-E279D466C8F3}"
EndProject
Global
	GlobalSection(SolutionConfigurationPlatforms) = preSolution
		Debug|Any CPU = Debug|Any CPU
		Release|Any CPU = Release|Any CPU
	EndGlobalSection
	GlobalSection(ProjectConfigurationPlatforms) = postSolution
		{04394ED2-1482-48D8-9B04-E279D466C8F3}.Debug|Any CPU.ActiveCfg = Debug|Any CPU
		{04394ED2-1482-48D8-9B04-E279D466C8F3}.Debug|Any CPU.Build.0 = Debug|Any CPU
		{04394ED2-1482-48D8-9B04-E279D466C8F3}.Release|Any CPU.ActiveCfg = Release|Any CPU
		{04394ED2-1482-48D8-9B04-E279D466C8F3}.Release|Any CPU.Build.0 = Release|Any CPU
	EndGlobalSection
	GlobalSection(SolutionProperties) = preSolution
		HideSolutionNode = FALSE
	EndGlobalSection
	GlobalSection(ExtensibilityGlobals) = postSolution
		SolutionGuid = {99428BC8-753F-4BF0-8619-16A46363FF64}
	EndGlobalSection
EndGlobal
